<?xml version="1.0" encoding="utf-8"?>
<Project ToolsVersion="16.0" xmlns="http://schemas.microsoft.com/developer/msbuild/2003">
  <ItemGroup>
    <CustomBuild Include="C:\Users\Hurrinecane\Downloads\assimp-5.0.1\build\CMakeFiles\13d5e42cad467c701fb30f39c60f922c\INSTALL_force.rule">
      <Filter>CMake Rules</Filter>
    </CustomBuild>
  </ItemGroup>
  <ItemGroup>
    <Filter Include="CMake Rules">
      <UniqueIdentifier>{74B64805-39DB-36C6-AE00-982247A20E42}</UniqueIdentifier>
    </Filter>
  </ItemGroup>
</Project>
